
Microsoft Visual Studio Solution File, Format Version 12.00
# Visual Studio Version 16
VisualStudioVersion = 16.0.31702.278
MinimumVisualStudioVersion = 10.0.40219.1
Project("{FAE04EC0-301F-11D3-BF4B-00C04F79EFBC}") = "Dania lotto", "Dania lotto\Dania lotto.csproj", "{DBD25D73-C6B7-45B7-B91C-8DA21E1D6589}"
EndProject
Global
	GlobalSection(SolutionConfigurationPlatforms) = preSolution
		Debug|Any CPU = Debug|Any CPU
		Release|Any CPU = Release|Any CPU
	EndGlobalSection
	GlobalSection(ProjectConfigurationPlatforms) = postSolution
		{DBD25D73-C6B7-45B7-B91C-8DA21E1D6589}.Debug|Any CPU.ActiveCfg = Debug|Any CPU
		{DBD25D73-C6B7-45B7-B91C-8DA21E1D6589}.Debug|Any CPU.Build.0 = Debug|Any CPU
		{DBD25D73-C6B7-45B7-B91C-8DA21E1D6589}.Release|Any CPU.ActiveCfg = Release|Any CPU
		{DBD25D73-C6B7-45B7-B91C-8DA21E1D6589}.Release|Any CPU.Build.0 = Release|Any CPU
	EndGlobalSection
	GlobalSection(SolutionProperties) = preSolution
		HideSolutionNode = FALSE
	EndGlobalSection
	GlobalSection(ExtensibilityGlobals) = postSolution
		SolutionGuid = {CAFF7A0D-691C-4837-9961-7656048E1942}
	EndGlobalSection
EndGlobal
